# This file was autogenerated by Stack.
# You should not edit this file by hand.
# For more information, please see the documentation at:
#   https://docs.haskellstack.org/en/stable/lock_files

packages:
- completed:
    hackage: bookhound-0.1.10.0@sha256:ac23d88b8f37b166a4d6fb0e5587d510d2a575d8aa2d3fcfec0252d485e32c5b,2632
    pantry-tree:
      size: 1896
      sha256: a5d39a6146159044e7eed81f40becacd7cef5f3a24668efd93fd0a3bc310901e
  original:
    hackage: bookhound-0.1.10.0
- completed:
    hackage: text-2.0@sha256:86e64bc76fefb8f0f6529d28ddf24b2a29d43591a8b9b7c7094f481a0db2fb7d,7788
    pantry-tree:
      size: 7364
      sha256: 894b84358fbad3cb8c16f224d3d8b7a1d7b6bcae68cda5a9998dd964904a6560
  original:
    hackage: text-2.0
snapshots: []
