# This file was autogenerated by Stack.
# You should not edit this file by hand.
# For more information, please see the documentation at:
#   https://docs.haskellstack.org/en/stable/lock_files

packages:
- completed:
    hackage: bookhound-0.1.11.0@sha256:1d06bd86cef9acfc56e46722833df2b5605c1ff65b5d9256b0ef776e90c7a54e,2241
    pantry-tree:
      size: 1025
      sha256: 937882eeb2c833e3f62dcff5df552b010e370733da78a42ed014dbd51310a4fa
  original:
    hackage: bookhound-0.1.11.0
- completed:
    hackage: text-2.0@sha256:86e64bc76fefb8f0f6529d28ddf24b2a29d43591a8b9b7c7094f481a0db2fb7d,7788
    pantry-tree:
      size: 7364
      sha256: 894b84358fbad3cb8c16f224d3d8b7a1d7b6bcae68cda5a9998dd964904a6560
  original:
    hackage: text-2.0
snapshots: []
