# This file was autogenerated by Stack.
# You should not edit this file by hand.
# For more information, please see the documentation at:
#   https://docs.haskellstack.org/en/stable/lock_files

packages:
- completed:
    hackage: bookhound-0.1.24.0@sha256:46163faef5b24b4a491409822313b2b541013ce2bd3e45a4a88d551ddd401c51,2258
    pantry-tree:
      sha256: 651e9c231399bd0d55249383958086f431e83d29ca31f4055ddaae1422477a33
      size: 1010
  original:
    hackage: bookhound-0.1.24.0
- completed:
    hackage: text-2.0@sha256:86e64bc76fefb8f0f6529d28ddf24b2a29d43591a8b9b7c7094f481a0db2fb7d,7788
    pantry-tree:
      sha256: 894b84358fbad3cb8c16f224d3d8b7a1d7b6bcae68cda5a9998dd964904a6560
      size: 7364
  original:
    hackage: text-2.0
snapshots: []
